
Microsoft Visual Studio Solution File, Format Version 12.00
# Visual Studio Version 17
VisualStudioVersion = 17.12.35728.132 d17.12
MinimumVisualStudioVersion = 10.0.40219.1
Project("{FAE04EC0-301F-11D3-BF4B-00C04F79EFBC}") = "Eduaction.On.Web", "Eduaction.On.Web\Eduaction.On.Web.csproj", "{4ADCBD7D-07D7-4CAC-846F-AC77CAF8FB68}"
EndProject
Project("{2150E333-8FDC-42A3-9474-1A3956D46DE8}") = "Infrastructure", "Infrastructure", "{3C8389B5-A379-4CD0-B039-B344DAE29CA2}"
EndProject
Project("{FAE04EC0-301F-11D3-BF4B-00C04F79EFBC}") = "Eduaction.BusinessLogic", "Eduaction.BusinessLogic\Eduaction.BusinessLogic.csproj", "{96DCFA13-D813-4C5E-9E47-02B0DCF3406B}"
EndProject
Project("{FAE04EC0-301F-11D3-BF4B-00C04F79EFBC}") = "Eduaction.DataModel", "Eduaction.DataModel\Eduaction.DataModel.csproj", "{63B36D42-CA3A-4A11-B379-16897A25B3D1}"
EndProject
Global
	GlobalSection(SolutionConfigurationPlatforms) = preSolution
		Debug|Any CPU = Debug|Any CPU
		Release|Any CPU = Release|Any CPU
	EndGlobalSection
	GlobalSection(ProjectConfigurationPlatforms) = postSolution
		{4ADCBD7D-07D7-4CAC-846F-AC77CAF8FB68}.Debug|Any CPU.ActiveCfg = Debug|Any CPU
		{4ADCBD7D-07D7-4CAC-846F-AC77CAF8FB68}.Debug|Any CPU.Build.0 = Debug|Any CPU
		{4ADCBD7D-07D7-4CAC-846F-AC77CAF8FB68}.Release|Any CPU.ActiveCfg = Release|Any CPU
		{4ADCBD7D-07D7-4CAC-846F-AC77CAF8FB68}.Release|Any CPU.Build.0 = Release|Any CPU
		{96DCFA13-D813-4C5E-9E47-02B0DCF3406B}.Debug|Any CPU.ActiveCfg = Debug|Any CPU
		{96DCFA13-D813-4C5E-9E47-02B0DCF3406B}.Debug|Any CPU.Build.0 = Debug|Any CPU
		{96DCFA13-D813-4C5E-9E47-02B0DCF3406B}.Release|Any CPU.ActiveCfg = Release|Any CPU
		{96DCFA13-D813-4C5E-9E47-02B0DCF3406B}.Release|Any CPU.Build.0 = Release|Any CPU
		{63B36D42-CA3A-4A11-B379-16897A25B3D1}.Debug|Any CPU.ActiveCfg = Debug|Any CPU
		{63B36D42-CA3A-4A11-B379-16897A25B3D1}.Debug|Any CPU.Build.0 = Debug|Any CPU
		{63B36D42-CA3A-4A11-B379-16897A25B3D1}.Release|Any CPU.ActiveCfg = Release|Any CPU
		{63B36D42-CA3A-4A11-B379-16897A25B3D1}.Release|Any CPU.Build.0 = Release|Any CPU
	EndGlobalSection
	GlobalSection(SolutionProperties) = preSolution
		HideSolutionNode = FALSE
	EndGlobalSection
	GlobalSection(NestedProjects) = preSolution
		{96DCFA13-D813-4C5E-9E47-02B0DCF3406B} = {3C8389B5-A379-4CD0-B039-B344DAE29CA2}
		{63B36D42-CA3A-4A11-B379-16897A25B3D1} = {3C8389B5-A379-4CD0-B039-B344DAE29CA2}
	EndGlobalSection
EndGlobal
